
Microsoft Visual Studio Solution File, Format Version 12.00
# Visual Studio Version 16
VisualStudioVersion = 16.0.32510.428
MinimumVisualStudioVersion = 10.0.40219.1
Project("{FAE04EC0-301F-11D3-BF4B-00C04F79EFBC}") = "Dersler", "Dersler\Dersler.csproj", "{EDEA7548-FDCC-41BD-BD80-1342CDD60005}"
EndProject
Global
	GlobalSection(SolutionConfigurationPlatforms) = preSolution
		Debug|Any CPU = Debug|Any CPU
		Release|Any CPU = Release|Any CPU
	EndGlobalSection
	GlobalSection(ProjectConfigurationPlatforms) = postSolution
		{EDEA7548-FDCC-41BD-BD80-1342CDD60005}.Debug|Any CPU.ActiveCfg = Debug|Any CPU
		{EDEA7548-FDCC-41BD-BD80-1342CDD60005}.Debug|Any CPU.Build.0 = Debug|Any CPU
		{EDEA7548-FDCC-41BD-BD80-1342CDD60005}.Release|Any CPU.ActiveCfg = Release|Any CPU
		{EDEA7548-FDCC-41BD-BD80-1342CDD60005}.Release|Any CPU.Build.0 = Release|Any CPU
	EndGlobalSection
	GlobalSection(SolutionProperties) = preSolution
		HideSolutionNode = FALSE
	EndGlobalSection
	GlobalSection(ExtensibilityGlobals) = postSolution
		SolutionGuid = {6DD74A05-6EA6-4659-8760-9664B7327FD4}
	EndGlobalSection
EndGlobal
